Microsoft Visual Studio Solution File, Format Version 12.00
# Visual Studio Version 17
VisualStudioVersion = 17.5.2.0
MinimumVisualStudioVersion = 10.0.40219.1
Project("{FAE04EC0-301F-11D3-BF4B-00C04F79EFBC}") = "trabalhoPOO", "trabalhoPOO.csproj", "{20913A8F-0361-9F50-E111-3EE92B31A2AE}"
EndProject
Global
	GlobalSection(SolutionConfigurationPlatforms) = preSolution
		Debug|Any CPU = Debug|Any CPU
		Release|Any CPU = Release|Any CPU
	EndGlobalSection
	GlobalSection(ProjectConfigurationPlatforms) = postSolution
		{20913A8F-0361-9F50-E111-3EE92B31A2AE}.Debug|Any CPU.ActiveCfg = Debug|Any CPU
		{20913A8F-0361-9F50-E111-3EE92B31A2AE}.Debug|Any CPU.Build.0 = Debug|Any CPU
		{20913A8F-0361-9F50-E111-3EE92B31A2AE}.Release|Any CPU.ActiveCfg = Release|Any CPU
		{20913A8F-0361-9F50-E111-3EE92B31A2AE}.Release|Any CPU.Build.0 = Release|Any CPU
	EndGlobalSection
	GlobalSection(SolutionProperties) = preSolution
		HideSolutionNode = FALSE
	EndGlobalSection
	GlobalSection(ExtensibilityGlobals) = postSolution
		SolutionGuid = {54A4F123-2667-423D-A97C-E471DE18BA9D}
	EndGlobalSection
EndGlobal
